{
  "markbot": "659a311a11329a69b4e87f1d536ed4f02b9f84b6f278764c375a0a7fe82d8392",
  "markbotignore": "030a4e6e1b3b6b510514a7ae54576e2c2ef762d56236c6414ef634955d96a126",
  "index-320.png": "0f48265affda4383535df724a4267d81bf8791c8674b85c75505f539b9d83b7b",
  "index-400.png": "7955a60cd343e40e18ff8d03086df99579fc9cd9aa77f0345b56a1a9c7c76d2e",
  "index-608.png": "1b035e2c8b0a64366c5c78bb08c9a0dda581e9475eb886fe8393c720323d716a",
  "index-960.png": "3bd5f12267f71cf60cce873771ce80eef5cafe9f6d9ca394b17ca7068dff971c",
  "index-1440.png": "4aa81c18c5e936b3765ba406a94e0401718f4b84ef60990774c5412a16ca11e7"
}