{
  "markbot": "193df24d08ac469ae2413c05be5fef2eab5e6e9c57e710c4bf5a5f362a6756b2",
  "markbotignore": "030a4e6e1b3b6b510514a7ae54576e2c2ef762d56236c6414ef634955d96a126",
  "index-320.png": "0f48265affda4383535df724a4267d81bf8791c8674b85c75505f539b9d83b7b",
  "index-400.png": "e86915682ce71917790fcc69afca2e3d52ddbf89c8b254a6f02819a9c9917ad1",
  "index-608.png": "ce6cd98794e3c2d867e9d9681d74dcefa216f03db128daf63079da8c65a0a82d",
  "index-960.png": "5cf7ec529df05882a31598611d25acce30ae128e22464568cb8ccf9962d3d44d",
  "index-1440.png": "ee19ce13e23486d7d1a55105ea1c18179b2f4541f37f529d5984d3d41e4ad0ca"
}