{
  "markbot": "ec0aa6059aeb40c69dcc7fc866e48a117aba101906803f22659e409c6f8feb59",
  "markbotignore": "030a4e6e1b3b6b510514a7ae54576e2c2ef762d56236c6414ef634955d96a126",
  "index-320.png": "50734384e38efcca55f699b0fae11d4d463c9656ed249571870502b1d4aa43a8",
  "index-400.png": "089a220962633e4e55b6ade8c7a87df1ac1434f3900879892fd1d318964b1f5d",
  "index-608.png": "b53264b95790e575cee273579dca2a776b34abce49786b9335e65f1892a660ec",
  "index-960.png": "ad7f974a014977bab2bb44ebadebfb8dbf34a788a4e82d7376226bca2b40d9e7",
  "index-1440.png": "c650a055f0ec8323f1cc2cb107593d2ea5485364e63f5468dcf6cc5b6f8e062f"
}